// !$*UTF8*$!
{
	archiveVersion = 1;
	classes = {
	};
	objectVersion = 46;
	objects = {

/* Begin PBXBuildFile section */
		68936E6A9A1313726689B6CF /* libPods.a in Frameworks */ = {isa = PBXBuildFile; fileRef = ED3C46CB6348E22291F2766A /* libPods.a */; };
		AE6D29EE1BB6262700F06FD3 /* AppDelegate.swift in Sources */ = {isa = PBXBuildFile; fileRef = AE6D29ED1BB6262700F06FD3 /* AppDelegate.swift */; };
		AE6D29F01BB6262700F06FD3 /* ViewController.swift in Sources */ = {isa = PBXBuildFile; fileRef = AE6D29EF1BB6262700F06FD3 /* ViewController.swift */; };
		AE6D29F31BB6262700F06FD3 /* Main.storyboard in Resources */ = {isa = PBXBuildFile; fileRef = AE6D29F11BB6262700F06FD3 /* Main.storyboard */; };
		AE6D29F51BB6262700F06FD3 /* Assets.xcassets in Resources */ = {isa = PBXBuildFile; fileRef = AE6D29F41BB6262700F06FD3 /* Assets.xcassets */; };
		AE6D29F81BB6262700F06FD3 /* LaunchScreen.storyboard in Resources */ = {isa = PBXBuildFile; fileRef = AE6D29F61BB6262700F06FD3 /* LaunchScreen.storyboard */; };
		AEDF491A1BB628430004B0A4 /* TwitterClient.swift in Sources */ = {isa = PBXBuildFile; fileRef = AEDF49191BB628430004B0A4 /* TwitterClient.swift */; settings = {ASSET_TAGS = (); }; };
		AEDF491D1BB799560004B0A4 /* User.swift in Sources */ = {isa = PBXBuildFile; fileRef = AEDF491C1BB799560004B0A4 /* User.swift */; settings = {ASSET_TAGS = (); }; };
		AEDF491F1BB7996A0004B0A4 /* Tweet.swift in Sources */ = {isa = PBXBuildFile; fileRef = AEDF491E1BB7996A0004B0A4 /* Tweet.swift */; settings = {ASSET_TAGS = (); }; };
		AEDF49261BB834940004B0A4 /* TweetsViewController.swift in Sources */ = {isa = PBXBuildFile; fileRef = AEDF49251BB834940004B0A4 /* TweetsViewController.swift */; settings = {ASSET_TAGS = (); }; };
		AEDF49281BB950180004B0A4 /* HomeNavigationController.swift in Sources */ = {isa = PBXBuildFile; fileRef = AEDF49271BB950180004B0A4 /* HomeNavigationController.swift */; settings = {ASSET_TAGS = (); }; };
		AEDF492A1BB968CE0004B0A4 /* TwitterTableViewCell.swift in Sources */ = {isa = PBXBuildFile; fileRef = AEDF49291BB968CE0004B0A4 /* TwitterTableViewCell.swift */; settings = {ASSET_TAGS = (); }; };
		AEDF492C1BB999250004B0A4 /* ComposeViewController.swift in Sources */ = {isa = PBXBuildFile; fileRef = AEDF492B1BB999250004B0A4 /* ComposeViewController.swift */; settings = {ASSET_TAGS = (); }; };
		AEDF492E1BB9EABB0004B0A4 /* TweetDetailsViewController.swift in Sources */ = {isa = PBXBuildFile; fileRef = AEDF492D1BB9EABB0004B0A4 /* TweetDetailsViewController.swift */; settings = {ASSET_TAGS = (); }; };
		AEDF49301BBA4F090004B0A4 /* ReplyImageView.swift in Sources */ = {isa = PBXBuildFile; fileRef = AEDF492F1BBA4F090004B0A4 /* ReplyImageView.swift */; settings = {ASSET_TAGS = (); }; };
		AEDF49351BBC30CA0004B0A4 /* ReplyViewController.swift in Sources */ = {isa = PBXBuildFile; fileRef = AEDF49341BBC30CA0004B0A4 /* ReplyViewController.swift */; settings = {ASSET_TAGS = (); }; };
/* End PBXBuildFile section */

/* Begin PBXFileReference section */
		2886BCE0B513CFF2A67B5B53 /* Pods.release.xcconfig */ = {isa = PBXFileReference; includeInIndex = 1; lastKnownFileType = text.xcconfig; name = Pods.release.xcconfig; path = "Pods/Target Support Files/Pods/Pods.release.xcconfig"; sourceTree = "<group>"; };
		6D2DCD8A37D45DAE7EEEE4D1 /* Pods.debug.xcconfig */ = {isa = PBXFileReference; includeInIndex = 1; lastKnownFileType = text.xcconfig; name = Pods.debug.xcconfig; path = "Pods/Target Support Files/Pods/Pods.debug.xcconfig"; sourceTree = "<group>"; };
		AE6D29EA1BB6262700F06FD3 /* twitter-app.app */ = {isa = PBXFileReference; explicitFileType = wrapper.application; includeInIndex = 0; path = "twitter-app.app"; sourceTree = BUILT_PRODUCTS_DIR; };
		AE6D29ED1BB6262700F06FD3 /* AppDelegate.swift */ = {isa = PBXFileReference; lastKnownFileType = sourcecode.swift; path = AppDelegate.swift; sourceTree = "<group>"; };
		AE6D29EF1BB6262700F06FD3 /* ViewController.swift */ = {isa = PBXFileReference; lastKnownFileType = sourcecode.swift; path = ViewController.swift; sourceTree = "<group>"; };
		AE6D29F21BB6262700F06FD3 /* Base */ = {isa = PBXFileReference; lastKnownFileType = file.storyboard; name = Base; path = Base.lproj/Main.storyboard; sourceTree = "<group>"; };
		AE6D29F41BB6262700F06FD3 /* Assets.xcassets */ = {isa = PBXFileReference; lastKnownFileType = folder.assetcatalog; path = Assets.xcassets; sourceTree = "<group>"; };
		AE6D29F71BB6262700F06FD3 /* Base */ = {isa = PBXFileReference; lastKnownFileType = file.storyboard; name = Base; path = Base.lproj/LaunchScreen.storyboard; sourceTree = "<group>"; };
		AE6D29F91BB6262700F06FD3 /* Info.plist */ = {isa = PBXFileReference; lastKnownFileType = text.plist.xml; path = Info.plist; sourceTree = "<group>"; };
		AEDF49151BB6277C0004B0A4 /* twitter-app-Bridging-Header.h */ = {isa = PBXFileReference; lastKnownFileType = sourcecode.c.h; path = "twitter-app-Bridging-Header.h"; sourceTree = "<group>"; };
		AEDF49191BB628430004B0A4 /* TwitterClient.swift */ = {isa = PBXFileReference; fileEncoding = 4; lastKnownFileType = sourcecode.swift; path = TwitterClient.swift; sourceTree = "<group>"; };
		AEDF491C1BB799560004B0A4 /* User.swift */ = {isa = PBXFileReference; fileEncoding = 4; lastKnownFileType = sourcecode.swift; path = User.swift; sourceTree = "<group>"; };
		AEDF491E1BB7996A0004B0A4 /* Tweet.swift */ = {isa = PBXFileReference; fileEncoding = 4; lastKnownFileType = sourcecode.swift; path = Tweet.swift; sourceTree = "<group>"; };
		AEDF49251BB834940004B0A4 /* TweetsViewController.swift */ = {isa = PBXFileReference; fileEncoding = 4; lastKnownFileType = sourcecode.swift; path = TweetsViewController.swift; sourceTree = "<group>"; };
		AEDF49271BB950180004B0A4 /* HomeNavigationController.swift */ = {isa = PBXFileReference; fileEncoding = 4; lastKnownFileType = sourcecode.swift; path = HomeNavigationController.swift; sourceTree = "<group>"; };
		AEDF49291BB968CE0004B0A4 /* TwitterTableViewCell.swift */ = {isa = PBXFileReference; fileEncoding = 4; lastKnownFileType = sourcecode.swift; path = TwitterTableViewCell.swift; sourceTree = "<group>"; };
		AEDF492B1BB999250004B0A4 /* ComposeViewController.swift */ = {isa = PBXFileReference; fileEncoding = 4; lastKnownFileType = sourcecode.swift; path = ComposeViewController.swift; sourceTree = "<group>"; };
		AEDF492D1BB9EABB0004B0A4 /* TweetDetailsViewController.swift */ = {isa = PBXFileReference; fileEncoding = 4; lastKnownFileType = sourcecode.swift; path = TweetDetailsViewController.swift; sourceTree = "<group>"; };
		AEDF492F1BBA4F090004B0A4 /* ReplyImageView.swift */ = {isa = PBXFileReference; fileEncoding = 4; lastKnownFileType = sourcecode.swift; path = ReplyImageView.swift; sourceTree = "<group>"; };
		AEDF49341BBC30CA0004B0A4 /* ReplyViewController.swift */ = {isa = PBXFileReference; fileEncoding = 4; lastKnownFileType = sourcecode.swift; path = ReplyViewController.swift; sourceTree = "<group>"; };
		ED3C46CB6348E22291F2766A /* libPods.a */ = {isa = PBXFileReference; explicitFileType = archive.ar; includeInIndex = 0; path = libPods.a; sourceTree = BUILT_PRODUCTS_DIR; };
/* End PBXFileReference section */

/* Begin PBXFrameworksBuildPhase section */
		AE6D29E71BB6262700F06FD3 /* Frameworks */ = {
			isa = PBXFrameworksBuildPhase;
			buildActionMask = 2147483647;
			files = (
				68936E6A9A1313726689B6CF /* libPods.a in Frameworks */,
			);
			runOnlyForDeploymentPostprocessing = 0;
		};
/* End PBXFrameworksBuildPhase section */

/* Begin PBXGroup section */
		3204071A0E7699F41987F04B /* Pods */ = {
			isa = PBXGroup;
			children = (
				6D2DCD8A37D45DAE7EEEE4D1 /* Pods.debug.xcconfig */,
				2886BCE0B513CFF2A67B5B53 /* Pods.release.xcconfig */,
			);
			name = Pods;
			sourceTree = "<group>";
		};
		414DADDF56AC4E304B9C6B9C /* Frameworks */ = {
			isa = PBXGroup;
			children = (
				ED3C46CB6348E22291F2766A /* libPods.a */,
			);
			name = Frameworks;
			sourceTree = "<group>";
		};
		AE6D29E11BB6262600F06FD3 = {
			isa = PBXGroup;
			children = (
				AE6D29EC1BB6262700F06FD3 /* twitter-app */,
				AE6D29EB1BB6262700F06FD3 /* Products */,
				3204071A0E7699F41987F04B /* Pods */,
				414DADDF56AC4E304B9C6B9C /* Frameworks */,
				AEDF49151BB6277C0004B0A4 /* twitter-app-Bridging-Header.h */,
			);
			sourceTree = "<group>";
		};
		AE6D29EB1BB6262700F06FD3 /* Products */ = {
			isa = PBXGroup;
			children = (
				AE6D29EA1BB6262700F06FD3 /* twitter-app.app */,
			);
			name = Products;
			sourceTree = "<group>";
		};
		AE6D29EC1BB6262700F06FD3 /* twitter-app */ = {
			isa = PBXGroup;
			children = (
				AEDF49311BBA4F110004B0A4 /* Views */,
				AEDF49221BB833740004B0A4 /* View Controllers */,
				AEDF491B1BB799270004B0A4 /* Models */,
				AEDF49181BB6280A0004B0A4 /* API */,
				AE6D29ED1BB6262700F06FD3 /* AppDelegate.swift */,
				AE6D29F11BB6262700F06FD3 /* Main.storyboard */,
				AE6D29F41BB6262700F06FD3 /* Assets.xcassets */,
				AE6D29F61BB6262700F06FD3 /* LaunchScreen.storyboard */,
				AE6D29F91BB6262700F06FD3 /* Info.plist */,
			);
			path = "twitter-app";
			sourceTree = "<group>";
		};
		AEDF49181BB6280A0004B0A4 /* API */ = {
			isa = PBXGroup;
			children = (
				AEDF49191BB628430004B0A4 /* TwitterClient.swift */,
			);
			name = API;
			sourceTree = "<group>";
		};
		AEDF491B1BB799270004B0A4 /* Models */ = {
			isa = PBXGroup;
			children = (
				AEDF491C1BB799560004B0A4 /* User.swift */,
				AEDF491E1BB7996A0004B0A4 /* Tweet.swift */,
			);
			name = Models;
			sourceTree = "<group>";
		};
		AEDF49221BB833740004B0A4 /* View Controllers */ = {
			isa = PBXGroup;
			children = (
				AEDF49341BBC30CA0004B0A4 /* ReplyViewController.swift */,
				AEDF492D1BB9EABB0004B0A4 /* TweetDetailsViewController.swift */,
				AEDF492B1BB999250004B0A4 /* ComposeViewController.swift */,
				AEDF49271BB950180004B0A4 /* HomeNavigationController.swift */,
				AE6D29EF1BB6262700F06FD3 /* ViewController.swift */,
				AEDF49251BB834940004B0A4 /* TweetsViewController.swift */,
			);
			name = "View Controllers";
			sourceTree = "<group>";
		};
		AEDF49311BBA4F110004B0A4 /* Views */ = {
			isa = PBXGroup;
			children = (
				AEDF49291BB968CE0004B0A4 /* TwitterTableViewCell.swift */,
				AEDF492F1BBA4F090004B0A4 /* ReplyImageView.swift */,
			);
			name = Views;
			sourceTree = "<group>";
		};
/* End PBXGroup section */

/* Begin PBXNativeTarget section */
		AE6D29E91BB6262700F06FD3 /* twitter-app */ = {
			isa = PBXNativeTarget;
			buildConfigurationList = AE6D29FC1BB6262700F06FD3 /* Build configuration list for PBXNativeTarget "twitter-app" */;
			buildPhases = (
				FF55F3DB731CDE61C6078E99 /* Check Pods Manifest.lock */,
				AE6D29E61BB6262700F06FD3 /* Sources */,
				AE6D29E71BB6262700F06FD3 /* Frameworks */,
				AE6D29E81BB6262700F06FD3 /* Resources */,
				CBE2A2C0814B1AE2E64C15BE /* Copy Pods Resources */,
			);
			buildRules = (
			);
			dependencies = (
			);
			name = "twitter-app";
			productName = "twitter-app";
			productReference = AE6D29EA1BB6262700F06FD3 /* twitter-app.app */;
			productType = "com.apple.product-type.application";
		};
/* End PBXNativeTarget section */

/* Begin PBXProject section */
		AE6D29E21BB6262600F06FD3 /* Project object */ = {
			isa = PBXProject;
			attributes = {
				LastSwiftUpdateCheck = 0700;
				LastUpgradeCheck = 0700;
				ORGANIZATIONNAME = JF;
				TargetAttributes = {
					AE6D29E91BB6262700F06FD3 = {
						CreatedOnToolsVersion = 7.0;
					};
				};
			};
			buildConfigurationList = AE6D29E51BB6262700F06FD3 /* Build configuration list for PBXProject "twitter-app" */;
			compatibilityVersion = "Xcode 3.2";
			developmentRegion = English;
			hasScannedForEncodings = 0;
			knownRegions = (
				en,
				Base,
			);
			mainGroup = AE6D29E11BB6262600F06FD3;
			productRefGroup = AE6D29EB1BB6262700F06FD3 /* Products */;
			projectDirPath = "";
			projectRoot = "";
			targets = (
				AE6D29E91BB6262700F06FD3 /* twitter-app */,
			);
		};
/* End PBXProject section */

/* Begin PBXResourcesBuildPhase section */
		AE6D29E81BB6262700F06FD3 /* Resources */ = {
			isa = PBXResourcesBuildPhase;
			buildActionMask = 2147483647;
			files = (
				AE6D29F81BB6262700F06FD3 /* LaunchScreen.storyboard in Resources */,
				AE6D29F51BB6262700F06FD3 /* Assets.xcassets in Resources */,
				AE6D29F31BB6262700F06FD3 /* Main.storyboard in Resources */,
			);
			runOnlyForDeploymentPostprocessing = 0;
		};
/* End PBXResourcesBuildPhase section */

/* Begin PBXShellScriptBuildPhase section */
		CBE2A2C0814B1AE2E64C15BE /* Copy Pods Resources */ = {
			isa = PBXShellScriptBuildPhase;
			buildActionMask = 2147483647;
			files = (
			);
			inputPaths = (
			);
			name = "Copy Pods Resources";
			outputPaths = (
			);
			runOnlyForDeploymentPostprocessing = 0;
			shellPath = /bin/sh;
			shellScript = "\"${SRCROOT}/Pods/Target Support Files/Pods/Pods-resources.sh\"\n";
			showEnvVarsInLog = 0;
		};
		FF55F3DB731CDE61C6078E99 /* Check Pods Manifest.lock */ = {
			isa = PBXShellScriptBuildPhase;
			buildActionMask = 2147483647;
			files = (
			);
			inputPaths = (
			);
			name = "Check Pods Manifest.lock";
			outputPaths = (
			);
			runOnlyForDeploymentPostprocessing = 0;
			shellPath = /bin/sh;
			shellScript = "diff \"${PODS_ROOT}/../Podfile.lock\" \"${PODS_ROOT}/Manifest.lock\" > /dev/null\nif [[ $? != 0 ]] ; then\n    cat << EOM\nerror: The sandbox is not in sync with the Podfile.lock. Run 'pod install' or update your CocoaPods installation.\nEOM\n    exit 1\nfi\n";
			showEnvVarsInLog = 0;
		};
/* End PBXShellScriptBuildPhase section */

/* Begin PBXSourcesBuildPhase section */
		AE6D29E61BB6262700F06FD3 /* Sources */ = {
			isa = PBXSourcesBuildPhase;
			buildActionMask = 2147483647;
			files = (
				AEDF492C1BB999250004B0A4 /* ComposeViewController.swift in Sources */,
				AEDF491D1BB799560004B0A4 /* User.swift in Sources */,
				AEDF492E1BB9EABB0004B0A4 /* TweetDetailsViewController.swift in Sources */,
				AEDF491F1BB7996A0004B0A4 /* Tweet.swift in Sources */,
				AEDF49301BBA4F090004B0A4 /* ReplyImageView.swift in Sources */,
				AEDF49261BB834940004B0A4 /* TweetsViewController.swift in Sources */,
				AEDF492A1BB968CE0004B0A4 /* TwitterTableViewCell.swift in Sources */,
				AEDF49351BBC30CA0004B0A4 /* ReplyViewController.swift in Sources */,
				AEDF49281BB950180004B0A4 /* HomeNavigationController.swift in Sources */,
				AE6D29F01BB6262700F06FD3 /* ViewController.swift in Sources */,
				AEDF491A1BB628430004B0A4 /* TwitterClient.swift in Sources */,
				AE6D29EE1BB6262700F06FD3 /* AppDelegate.swift in Sources */,
			);
			runOnlyForDeploymentPostprocessing = 0;
		};
/* End PBXSourcesBuildPhase section */

/* Begin PBXVariantGroup section */
		AE6D29F11BB6262700F06FD3 /* Main.storyboard */ = {
			isa = PBXVariantGroup;
			children = (
				AE6D29F21BB6262700F06FD3 /* Base */,
			);
			name = Main.storyboard;
			sourceTree = "<group>";
		};
		AE6D29F61BB6262700F06FD3 /* LaunchScreen.storyboard */ = {
			isa = PBXVariantGroup;
			children = (
				AE6D29F71BB6262700F06FD3 /* Base */,
			);
			name = LaunchScreen.storyboard;
			sourceTree = "<group>";
		};
/* End PBXVariantGroup section */

/* Begin XCBuildConfiguration section */
		AE6D29FA1BB6262700F06FD3 /* Debug */ = {
			isa = XCBuildConfiguration;
			buildSettings = {
				ALWAYS_SEARCH_USER_PATHS = NO;
				CLANG_CXX_LANGUAGE_STANDARD = "gnu++0x";
				CLANG_CXX_LIBRARY = "libc++";
				CLANG_ENABLE_MODULES = YES;
				CLANG_ENABLE_OBJC_ARC = YES;
				CLANG_WARN_BOOL_CONVERSION = YES;
				CLANG_WARN_CONSTANT_CONVERSION = YES;
				CLANG_WARN_DIRECT_OBJC_ISA_USAGE = YES_ERROR;
				CLANG_WARN_EMPTY_BODY = YES;
				CLANG_WARN_ENUM_CONVERSION = YES;
				CLANG_WARN_INT_CONVERSION = YES;
				CLANG_WARN_OBJC_ROOT_CLASS = YES_ERROR;
				CLANG_WARN_UNREACHABLE_CODE = YES;
				CLANG_WARN__DUPLICATE_METHOD_MATCH = YES;
				"CODE_SIGN_IDENTITY[sdk=iphoneos*]" = "iPhone Developer";
				COPY_PHASE_STRIP = NO;
				DEBUG_INFORMATION_FORMAT = dwarf;
				ENABLE_STRICT_OBJC_MSGSEND = YES;
				ENABLE_TESTABILITY = YES;
				GCC_C_LANGUAGE_STANDARD = gnu99;
				GCC_DYNAMIC_NO_PIC = NO;
				GCC_NO_COMMON_BLOCKS = YES;
				GCC_OPTIMIZATION_LEVEL = 0;
				GCC_PREPROCESSOR_DEFINITIONS = (
					"DEBUG=1",
					"$(inherited)",
				);
				GCC_WARN_64_TO_32_BIT_CONVERSION = YES;
				GCC_WARN_ABOUT_RETURN_TYPE = YES_ERROR;
				GCC_WARN_UNDECLARED_SELECTOR = YES;
				GCC_WARN_UNINITIALIZED_AUTOS = YES_AGGRESSIVE;
				GCC_WARN_UNUSED_FUNCTION = YES;
				GCC_WARN_UNUSED_VARIABLE = YES;
				IPHONEOS_DEPLOYMENT_TARGET = 9.0;
				MTL_ENABLE_DEBUG_INFO = YES;
				ONLY_ACTIVE_ARCH = YES;
				SDKROOT = iphoneos;
				SWIFT_OPTIMIZATION_LEVEL = "-Onone";
			};
			name = Debug;
		};
		AE6D29FB1BB6262700F06FD3 /* Release */ = {
			isa = XCBuildConfiguration;
			buildSettings = {
				ALWAYS_SEARCH_USER_PATHS = NO;
				CLANG_CXX_LANGUAGE_STANDARD = "gnu++0x";
				CLANG_CXX_LIBRARY = "libc++";
				CLANG_ENABLE_MODULES = YES;
				CLANG_ENABLE_OBJC_ARC = YES;
				CLANG_WARN_BOOL_CONVERSION = YES;
				CLANG_WARN_CONSTANT_CONVERSION = YES;
				CLANG_WARN_DIRECT_OBJC_ISA_USAGE = YES_ERROR;
				CLANG_WARN_EMPTY_BODY = YES;
				CLANG_WARN_ENUM_CONVERSION = YES;
				CLANG_WARN_INT_CONVERSION = YES;
				CLANG_WARN_OBJC_ROOT_CLASS = YES_ERROR;
				CLANG_WARN_UNREACHABLE_CODE = YES;
				CLANG_WARN__DUPLICATE_METHOD_MATCH = YES;
				"CODE_SIGN_IDENTITY[sdk=iphoneos*]" = "iPhone Developer";
				COPY_PHASE_STRIP = NO;
				DEBUG_INFORMATION_FORMAT = "dwarf-with-dsym";
				ENABLE_NS_ASSERTIONS = NO;
				ENABLE_STRICT_OBJC_MSGSEND = YES;
				GCC_C_LANGUAGE_STANDARD = gnu99;
				GCC_NO_COMMON_BLOCKS = YES;
				GCC_WARN_64_TO_32_BIT_CONVERSION = YES;
				GCC_WARN_ABOUT_RETURN_TYPE = YES_ERROR;
				GCC_WARN_UNDECLARED_SELECTOR = YES;
				GCC_WARN_UNINITIALIZED_AUTOS = YES_AGGRESSIVE;
				GCC_WARN_UNUSED_FUNCTION = YES;
				GCC_WARN_UNUSED_VARIABLE = YES;
				IPHONEOS_DEPLOYMENT_TARGET = 9.0;
				MTL_ENABLE_DEBUG_INFO = NO;
				SDKROOT = iphoneos;
				VALIDATE_PRODUCT = YES;
			};
			name = Release;
		};
		AE6D29FD1BB6262700F06FD3 /* Debug */ = {
			isa = XCBuildConfiguration;
			baseConfigurationReference = 6D2DCD8A37D45DAE7EEEE4D1 /* Pods.debug.xcconfig */;
			buildSettings = {
				ASSETCATALOG_COMPILER_APPICON_NAME = AppIcon;
				CLANG_ENABLE_MODULES = YES;
				INFOPLIST_FILE = "twitter-app/Info.plist";
				LD_RUNPATH_SEARCH_PATHS = "$(inherited) @executable_path/Frameworks";
				PRODUCT_BUNDLE_IDENTIFIER = "com.jf.twitter-app";
				PRODUCT_NAME = "$(TARGET_NAME)";
				SWIFT_OBJC_BRIDGING_HEADER = "twitter-app-Bridging-Header.h";
				SWIFT_OPTIMIZATION_LEVEL = "-Onone";
			};
			name = Debug;
		};
		AE6D29FE1BB6262700F06FD3 /* Release */ = {
			isa = XCBuildConfiguration;
			baseConfigurationReference = 2886BCE0B513CFF2A67B5B53 /* Pods.release.xcconfig */;
			buildSettings = {
				ASSETCATALOG_COMPILER_APPICON_NAME = AppIcon;
				CLANG_ENABLE_MODULES = YES;
				INFOPLIST_FILE = "twitter-app/Info.plist";
				LD_RUNPATH_SEARCH_PATHS = "$(inherited) @executable_path/Frameworks";
				PRODUCT_BUNDLE_IDENTIFIER = "com.jf.twitter-app";
				PRODUCT_NAME = "$(TARGET_NAME)";
				SWIFT_OBJC_BRIDGING_HEADER = "twitter-app-Bridging-Header.h";
			};
			name = Release;
		};
/* End XCBuildConfiguration section */

/* Begin XCConfigurationList section */
		AE6D29E51BB6262700F06FD3 /* Build configuration list for PBXProject "twitter-app" */ = {
			isa = XCConfigurationList;
			buildConfigurations = (
				AE6D29FA1BB6262700F06FD3 /* Debug */,
				AE6D29FB1BB6262700F06FD3 /* Release */,
			);
			defaultConfigurationIsVisible = 0;
			defaultConfigurationName = Release;
		};
		AE6D29FC1BB6262700F06FD3 /* Build configuration list for PBXNativeTarget "twitter-app" */ = {
			isa = XCConfigurationList;
			buildConfigurations = (
				AE6D29FD1BB6262700F06FD3 /* Debug */,
				AE6D29FE1BB6262700F06FD3 /* Release */,
			);
			defaultConfigurationIsVisible = 0;
			defaultConfigurationName = Release;
		};
/* End XCConfigurationList section */
	};
	rootObject = AE6D29E21BB6262600F06FD3 /* Project object */;
}
